# Generated by `workspace sync` — 锁定各源的 commit,可提交入库以保证团队复现
version: 1
sources:
  flow-engine:
    url: git@github.com:codingapi/flow-engine.git
    revision: v0.0.66
    sha: "06e01061bb4ece5b150218519ac3e8d0590f86ec"
  flow-frontend:
    url: git@github.com:codingapi/flow-frontend.git
    revision: v0.0.67
    sha: "f9fbe7b7d808440b37e0ec7cc3c4c29c8054eb30"
  fastjson2-core:
    url: git@github.com:alibaba/fastjson2.git
    revision: 2.0.63
    sha: "82eda3e44bfca5f282a675e3c7262efb94b95f88"
  fastjson2-ext:
    url: git@github.com:alibaba/fastjson2.git
    revision: 2.0.63
    sha: "82eda3e44bfca5f282a675e3c7262efb94b95f88"
