# Generated by `workspace sync` — 锁定各源的 commit,可提交入库以保证团队复现
version: 1
sources:
  flow-engine:
    url: https://github.com/codingapi/flow-engine.git
    revision: refs/heads/main
    sha: 40fbc5617e0db02ba4b80dcb0e6a9c93734df9f6
  flow-frontend:
    url: https://github.com/codingapi/flow-frontend.git
    revision: refs/heads/main
    sha: f9fbe7b7d808440b37e0ec7cc3c4c29c8054eb30
  fastjson2:
    url: https://github.com/alibaba/fastjson2.git
    revision: 2.0.63
    sha: 82eda3e44bfca5f282a675e3c7262efb94b95f88
